
Microsoft Visual Studio Solution File, Format Version 12.00
# Visual Studio Version 17
VisualStudioVersion = 17.2.32519.379
MinimumVisualStudioVersion = 10.0.40219.1
Project("{9A19103F-16F7-4668-BE54-9A1E7A4F7556}") = "Claims", "Claims\Claims.csproj", "{268F67FB-056D-4843-8823-19A5F7848271}"
EndProject
Project("{2150E333-8FDC-42A3-9474-1A3956D46DE8}") = "4 - Tests", "4 - Tests", "{003F7774-8202-4837-8C40-72297F3876C1}"
EndProject
Project("{FAE04EC0-301F-11D3-BF4B-00C04F79EFBC}") = "Claims.Tests", "Claims.Tests\Claims.Tests.csproj", "{EC846D1B-22B5-4CED-B0CB-778EBFEE1C33}"
EndProject
Project("{2150E333-8FDC-42A3-9474-1A3956D46DE8}") = "0 - Solution Items", "0 - Solution Items", "{8CFB0A29-7BAB-4D83-8A3E-7E5ECFC5A8BB}"
	ProjectSection(SolutionItems) = preProject
		.gitignore = .gitignore
		README.md = README.md
	EndProjectSection
EndProject
Project("{FAE04EC0-301F-11D3-BF4B-00C04F79EFBC}") = "Claims.Domain", "Claims.Domain\Claims.Domain.csproj", "{3BAEA368-FBA4-475B-9896-FA6CB28564AB}"
EndProject
Project("{FAE04EC0-301F-11D3-BF4B-00C04F79EFBC}") = "Claims.Data.Abstractions", "Claims.Data.Abstractions\Claims.Data.Abstractions.csproj", "{327EA364-D2CE-4960-8012-13CEEDE5CB85}"
EndProject
Project("{FAE04EC0-301F-11D3-BF4B-00C04F79EFBC}") = "Claims.Application", "Claims.Application\Claims.Application.csproj", "{E3A6E61F-24EF-4CBD-88EE-799B43EF2552}"
EndProject
Project("{FAE04EC0-301F-11D3-BF4B-00C04F79EFBC}") = "Claims.Data", "Claims.Data\Claims.Data.csproj", "{35587641-8F7C-4D68-B370-D482305B25D5}"
EndProject
Project("{FAE04EC0-301F-11D3-BF4B-00C04F79EFBC}") = "Claims.Data.Auditing", "Claims.Data.Auditing\Claims.Data.Auditing.csproj", "{4A755E00-3C1E-4FAF-9C6E-750DAD405922}"
EndProject
Project("{FAE04EC0-301F-11D3-BF4B-00C04F79EFBC}") = "Claims.Application.Abstractions", "Claims.Application.Abstractions\Claims.Application.Abstractions.csproj", "{913A94F3-C911-4B50-B2AF-DF1DAF6DBF88}"
EndProject
Project("{FAE04EC0-301F-11D3-BF4B-00C04F79EFBC}") = "Claims.Data.Auditing.Abstractions", "Claims.Data.Auditing.Abstractions\Claims.Data.Auditing.Abstractions.csproj", "{A29D374A-A168-4939-A211-76DAFF941B85}"
EndProject
Project("{2150E333-8FDC-42A3-9474-1A3956D46DE8}") = "1 - Apps", "1 - Apps", "{02EA681E-C7D8-13C7-8484-4AC65E1B71E8}"
EndProject
Project("{2150E333-8FDC-42A3-9474-1A3956D46DE8}") = "2 - Core", "2 - Core", "{8946894A-2327-421C-AB14-E49A19F6C4F6}"
EndProject
Project("{2150E333-8FDC-42A3-9474-1A3956D46DE8}") = "3 - Adapters", "3 - Adapters", "{12EA2A7A-D6E9-4B82-91ED-8588E3A8C25F}"
EndProject
Project("{FAE04EC0-301F-11D3-BF4B-00C04F79EFBC}") = "Claims.Application.UnitTests", "Claims.Application.UnitTests\Claims.Application.UnitTests.csproj", "{5ACFEC9F-E510-4984-AD2F-00D5EFE37FB7}"
EndProject
Project("{FAE04EC0-301F-11D3-BF4B-00C04F79EFBC}") = "Claims.Auditing.Function", "Apps\Claims.Auditing.Function\Claims.Auditing.Function.csproj", "{9FD472E4-6438-4A78-A950-773C9B2B7E2E}"
EndProject
Global
	GlobalSection(SolutionConfigurationPlatforms) = preSolution
		Debug|Any CPU = Debug|Any CPU
		Debug|x64 = Debug|x64
		Debug|x86 = Debug|x86
		Release|Any CPU = Release|Any CPU
		Release|x64 = Release|x64
		Release|x86 = Release|x86
	EndGlobalSection
	GlobalSection(ProjectConfigurationPlatforms) = postSolution
		{268F67FB-056D-4843-8823-19A5F7848271}.Debug|Any CPU.ActiveCfg = Debug|Any CPU
		{268F67FB-056D-4843-8823-19A5F7848271}.Debug|Any CPU.Build.0 = Debug|Any CPU
		{268F67FB-056D-4843-8823-19A5F7848271}.Debug|x64.ActiveCfg = Debug|Any CPU
		{268F67FB-056D-4843-8823-19A5F7848271}.Debug|x64.Build.0 = Debug|Any CPU
		{268F67FB-056D-4843-8823-19A5F7848271}.Debug|x86.ActiveCfg = Debug|Any CPU
		{268F67FB-056D-4843-8823-19A5F7848271}.Debug|x86.Build.0 = Debug|Any CPU
		{268F67FB-056D-4843-8823-19A5F7848271}.Release|Any CPU.ActiveCfg = Release|Any CPU
		{268F67FB-056D-4843-8823-19A5F7848271}.Release|Any CPU.Build.0 = Release|Any CPU
		{268F67FB-056D-4843-8823-19A5F7848271}.Release|x64.ActiveCfg = Release|Any CPU
		{268F67FB-056D-4843-8823-19A5F7848271}.Release|x64.Build.0 = Release|Any CPU
		{268F67FB-056D-4843-8823-19A5F7848271}.Release|x86.ActiveCfg = Release|Any CPU
		{268F67FB-056D-4843-8823-19A5F7848271}.Release|x86.Build.0 = Release|Any CPU
		{EC846D1B-22B5-4CED-B0CB-778EBFEE1C33}.Debug|Any CPU.ActiveCfg = Debug|Any CPU
		{EC846D1B-22B5-4CED-B0CB-778EBFEE1C33}.Debug|Any CPU.Build.0 = Debug|Any CPU
		{EC846D1B-22B5-4CED-B0CB-778EBFEE1C33}.Debug|x64.ActiveCfg = Debug|Any CPU
		{EC846D1B-22B5-4CED-B0CB-778EBFEE1C33}.Debug|x64.Build.0 = Debug|Any CPU
		{EC846D1B-22B5-4CED-B0CB-778EBFEE1C33}.Debug|x86.ActiveCfg = Debug|Any CPU
		{EC846D1B-22B5-4CED-B0CB-778EBFEE1C33}.Debug|x86.Build.0 = Debug|Any CPU
		{EC846D1B-22B5-4CED-B0CB-778EBFEE1C33}.Release|Any CPU.ActiveCfg = Release|Any CPU
		{EC846D1B-22B5-4CED-B0CB-778EBFEE1C33}.Release|Any CPU.Build.0 = Release|Any CPU
		{EC846D1B-22B5-4CED-B0CB-778EBFEE1C33}.Release|x64.ActiveCfg = Release|Any CPU
		{EC846D1B-22B5-4CED-B0CB-778EBFEE1C33}.Release|x64.Build.0 = Release|Any CPU
		{EC846D1B-22B5-4CED-B0CB-778EBFEE1C33}.Release|x86.ActiveCfg = Release|Any CPU
		{EC846D1B-22B5-4CED-B0CB-778EBFEE1C33}.Release|x86.Build.0 = Release|Any CPU
		{3BAEA368-FBA4-475B-9896-FA6CB28564AB}.Debug|Any CPU.ActiveCfg = Debug|Any CPU
		{3BAEA368-FBA4-475B-9896-FA6CB28564AB}.Debug|Any CPU.Build.0 = Debug|Any CPU
		{3BAEA368-FBA4-475B-9896-FA6CB28564AB}.Debug|x64.ActiveCfg = Debug|Any CPU
		{3BAEA368-FBA4-475B-9896-FA6CB28564AB}.Debug|x64.Build.0 = Debug|Any CPU
		{3BAEA368-FBA4-475B-9896-FA6CB28564AB}.Debug|x86.ActiveCfg = Debug|Any CPU
		{3BAEA368-FBA4-475B-9896-FA6CB28564AB}.Debug|x86.Build.0 = Debug|Any CPU
		{3BAEA368-FBA4-475B-9896-FA6CB28564AB}.Release|Any CPU.ActiveCfg = Release|Any CPU
		{3BAEA368-FBA4-475B-9896-FA6CB28564AB}.Release|Any CPU.Build.0 = Release|Any CPU
		{3BAEA368-FBA4-475B-9896-FA6CB28564AB}.Release|x64.ActiveCfg = Release|Any CPU
		{3BAEA368-FBA4-475B-9896-FA6CB28564AB}.Release|x64.Build.0 = Release|Any CPU
		{3BAEA368-FBA4-475B-9896-FA6CB28564AB}.Release|x86.ActiveCfg = Release|Any CPU
		{3BAEA368-FBA4-475B-9896-FA6CB28564AB}.Release|x86.Build.0 = Release|Any CPU
		{327EA364-D2CE-4960-8012-13CEEDE5CB85}.Debug|Any CPU.ActiveCfg = Debug|Any CPU
		{327EA364-D2CE-4960-8012-13CEEDE5CB85}.Debug|Any CPU.Build.0 = Debug|Any CPU
		{327EA364-D2CE-4960-8012-13CEEDE5CB85}.Debug|x64.ActiveCfg = Debug|Any CPU
		{327EA364-D2CE-4960-8012-13CEEDE5CB85}.Debug|x64.Build.0 = Debug|Any CPU
		{327EA364-D2CE-4960-8012-13CEEDE5CB85}.Debug|x86.ActiveCfg = Debug|Any CPU
		{327EA364-D2CE-4960-8012-13CEEDE5CB85}.Debug|x86.Build.0 = Debug|Any CPU
		{327EA364-D2CE-4960-8012-13CEEDE5CB85}.Release|Any CPU.ActiveCfg = Release|Any CPU
		{327EA364-D2CE-4960-8012-13CEEDE5CB85}.Release|Any CPU.Build.0 = Release|Any CPU
		{327EA364-D2CE-4960-8012-13CEEDE5CB85}.Release|x64.ActiveCfg = Release|Any CPU
		{327EA364-D2CE-4960-8012-13CEEDE5CB85}.Release|x64.Build.0 = Release|Any CPU
		{327EA364-D2CE-4960-8012-13CEEDE5CB85}.Release|x86.ActiveCfg = Release|Any CPU
		{327EA364-D2CE-4960-8012-13CEEDE5CB85}.Release|x86.Build.0 = Release|Any CPU
		{E3A6E61F-24EF-4CBD-88EE-799B43EF2552}.Debug|Any CPU.ActiveCfg = Debug|Any CPU
		{E3A6E61F-24EF-4CBD-88EE-799B43EF2552}.Debug|Any CPU.Build.0 = Debug|Any CPU
		{E3A6E61F-24EF-4CBD-88EE-799B43EF2552}.Debug|x64.ActiveCfg = Debug|Any CPU
		{E3A6E61F-24EF-4CBD-88EE-799B43EF2552}.Debug|x64.Build.0 = Debug|Any CPU
		{E3A6E61F-24EF-4CBD-88EE-799B43EF2552}.Debug|x86.ActiveCfg = Debug|Any CPU
		{E3A6E61F-24EF-4CBD-88EE-799B43EF2552}.Debug|x86.Build.0 = Debug|Any CPU
		{E3A6E61F-24EF-4CBD-88EE-799B43EF2552}.Release|Any CPU.ActiveCfg = Release|Any CPU
		{E3A6E61F-24EF-4CBD-88EE-799B43EF2552}.Release|Any CPU.Build.0 = Release|Any CPU
		{E3A6E61F-24EF-4CBD-88EE-799B43EF2552}.Release|x64.ActiveCfg = Release|Any CPU
		{E3A6E61F-24EF-4CBD-88EE-799B43EF2552}.Release|x64.Build.0 = Release|Any CPU
		{E3A6E61F-24EF-4CBD-88EE-799B43EF2552}.Release|x86.ActiveCfg = Release|Any CPU
		{E3A6E61F-24EF-4CBD-88EE-799B43EF2552}.Release|x86.Build.0 = Release|Any CPU
		{35587641-8F7C-4D68-B370-D482305B25D5}.Debug|Any CPU.ActiveCfg = Debug|Any CPU
		{35587641-8F7C-4D68-B370-D482305B25D5}.Debug|Any CPU.Build.0 = Debug|Any CPU
		{35587641-8F7C-4D68-B370-D482305B25D5}.Debug|x64.ActiveCfg = Debug|Any CPU
		{35587641-8F7C-4D68-B370-D482305B25D5}.Debug|x64.Build.0 = Debug|Any CPU
		{35587641-8F7C-4D68-B370-D482305B25D5}.Debug|x86.ActiveCfg = Debug|Any CPU
		{35587641-8F7C-4D68-B370-D482305B25D5}.Debug|x86.Build.0 = Debug|Any CPU
		{35587641-8F7C-4D68-B370-D482305B25D5}.Release|Any CPU.ActiveCfg = Release|Any CPU
		{35587641-8F7C-4D68-B370-D482305B25D5}.Release|Any CPU.Build.0 = Release|Any CPU
		{35587641-8F7C-4D68-B370-D482305B25D5}.Release|x64.ActiveCfg = Release|Any CPU
		{35587641-8F7C-4D68-B370-D482305B25D5}.Release|x64.Build.0 = Release|Any CPU
		{35587641-8F7C-4D68-B370-D482305B25D5}.Release|x86.ActiveCfg = Release|Any CPU
		{35587641-8F7C-4D68-B370-D482305B25D5}.Release|x86.Build.0 = Release|Any CPU
		{4A755E00-3C1E-4FAF-9C6E-750DAD405922}.Debug|Any CPU.ActiveCfg = Debug|Any CPU
		{4A755E00-3C1E-4FAF-9C6E-750DAD405922}.Debug|Any CPU.Build.0 = Debug|Any CPU
		{4A755E00-3C1E-4FAF-9C6E-750DAD405922}.Debug|x64.ActiveCfg = Debug|Any CPU
		{4A755E00-3C1E-4FAF-9C6E-750DAD405922}.Debug|x64.Build.0 = Debug|Any CPU
		{4A755E00-3C1E-4FAF-9C6E-750DAD405922}.Debug|x86.ActiveCfg = Debug|Any CPU
		{4A755E00-3C1E-4FAF-9C6E-750DAD405922}.Debug|x86.Build.0 = Debug|Any CPU
		{4A755E00-3C1E-4FAF-9C6E-750DAD405922}.Release|Any CPU.ActiveCfg = Release|Any CPU
		{4A755E00-3C1E-4FAF-9C6E-750DAD405922}.Release|Any CPU.Build.0 = Release|Any CPU
		{4A755E00-3C1E-4FAF-9C6E-750DAD405922}.Release|x64.ActiveCfg = Release|Any CPU
		{4A755E00-3C1E-4FAF-9C6E-750DAD405922}.Release|x64.Build.0 = Release|Any CPU
		{4A755E00-3C1E-4FAF-9C6E-750DAD405922}.Release|x86.ActiveCfg = Release|Any CPU
		{4A755E00-3C1E-4FAF-9C6E-750DAD405922}.Release|x86.Build.0 = Release|Any CPU
		{913A94F3-C911-4B50-B2AF-DF1DAF6DBF88}.Debug|Any CPU.ActiveCfg = Debug|Any CPU
		{913A94F3-C911-4B50-B2AF-DF1DAF6DBF88}.Debug|Any CPU.Build.0 = Debug|Any CPU
		{913A94F3-C911-4B50-B2AF-DF1DAF6DBF88}.Debug|x64.ActiveCfg = Debug|Any CPU
		{913A94F3-C911-4B50-B2AF-DF1DAF6DBF88}.Debug|x64.Build.0 = Debug|Any CPU
		{913A94F3-C911-4B50-B2AF-DF1DAF6DBF88}.Debug|x86.ActiveCfg = Debug|Any CPU
		{913A94F3-C911-4B50-B2AF-DF1DAF6DBF88}.Debug|x86.Build.0 = Debug|Any CPU
		{913A94F3-C911-4B50-B2AF-DF1DAF6DBF88}.Release|Any CPU.ActiveCfg = Release|Any CPU
		{913A94F3-C911-4B50-B2AF-DF1DAF6DBF88}.Release|Any CPU.Build.0 = Release|Any CPU
		{913A94F3-C911-4B50-B2AF-DF1DAF6DBF88}.Release|x64.ActiveCfg = Release|Any CPU
		{913A94F3-C911-4B50-B2AF-DF1DAF6DBF88}.Release|x64.Build.0 = Release|Any CPU
		{913A94F3-C911-4B50-B2AF-DF1DAF6DBF88}.Release|x86.ActiveCfg = Release|Any CPU
		{913A94F3-C911-4B50-B2AF-DF1DAF6DBF88}.Release|x86.Build.0 = Release|Any CPU
		{A29D374A-A168-4939-A211-76DAFF941B85}.Debug|Any CPU.ActiveCfg = Debug|Any CPU
		{A29D374A-A168-4939-A211-76DAFF941B85}.Debug|Any CPU.Build.0 = Debug|Any CPU
		{A29D374A-A168-4939-A211-76DAFF941B85}.Debug|x64.ActiveCfg = Debug|Any CPU
		{A29D374A-A168-4939-A211-76DAFF941B85}.Debug|x64.Build.0 = Debug|Any CPU
		{A29D374A-A168-4939-A211-76DAFF941B85}.Debug|x86.ActiveCfg = Debug|Any CPU
		{A29D374A-A168-4939-A211-76DAFF941B85}.Debug|x86.Build.0 = Debug|Any CPU
		{A29D374A-A168-4939-A211-76DAFF941B85}.Release|Any CPU.ActiveCfg = Release|Any CPU
		{A29D374A-A168-4939-A211-76DAFF941B85}.Release|Any CPU.Build.0 = Release|Any CPU
		{A29D374A-A168-4939-A211-76DAFF941B85}.Release|x64.ActiveCfg = Release|Any CPU
		{A29D374A-A168-4939-A211-76DAFF941B85}.Release|x64.Build.0 = Release|Any CPU
		{A29D374A-A168-4939-A211-76DAFF941B85}.Release|x86.ActiveCfg = Release|Any CPU
		{A29D374A-A168-4939-A211-76DAFF941B85}.Release|x86.Build.0 = Release|Any CPU
		{5ACFEC9F-E510-4984-AD2F-00D5EFE37FB7}.Debug|Any CPU.ActiveCfg = Debug|Any CPU
		{5ACFEC9F-E510-4984-AD2F-00D5EFE37FB7}.Debug|Any CPU.Build.0 = Debug|Any CPU
		{5ACFEC9F-E510-4984-AD2F-00D5EFE37FB7}.Debug|x64.ActiveCfg = Debug|Any CPU
		{5ACFEC9F-E510-4984-AD2F-00D5EFE37FB7}.Debug|x64.Build.0 = Debug|Any CPU
		{5ACFEC9F-E510-4984-AD2F-00D5EFE37FB7}.Debug|x86.ActiveCfg = Debug|Any CPU
		{5ACFEC9F-E510-4984-AD2F-00D5EFE37FB7}.Debug|x86.Build.0 = Debug|Any CPU
		{5ACFEC9F-E510-4984-AD2F-00D5EFE37FB7}.Release|Any CPU.ActiveCfg = Release|Any CPU
		{5ACFEC9F-E510-4984-AD2F-00D5EFE37FB7}.Release|Any CPU.Build.0 = Release|Any CPU
		{5ACFEC9F-E510-4984-AD2F-00D5EFE37FB7}.Release|x64.ActiveCfg = Release|Any CPU
		{5ACFEC9F-E510-4984-AD2F-00D5EFE37FB7}.Release|x64.Build.0 = Release|Any CPU
		{5ACFEC9F-E510-4984-AD2F-00D5EFE37FB7}.Release|x86.ActiveCfg = Release|Any CPU
		{5ACFEC9F-E510-4984-AD2F-00D5EFE37FB7}.Release|x86.Build.0 = Release|Any CPU
		{9FD472E4-6438-4A78-A950-773C9B2B7E2E}.Debug|Any CPU.ActiveCfg = Debug|Any CPU
		{9FD472E4-6438-4A78-A950-773C9B2B7E2E}.Debug|Any CPU.Build.0 = Debug|Any CPU
		{9FD472E4-6438-4A78-A950-773C9B2B7E2E}.Debug|x64.ActiveCfg = Debug|Any CPU
		{9FD472E4-6438-4A78-A950-773C9B2B7E2E}.Debug|x64.Build.0 = Debug|Any CPU
		{9FD472E4-6438-4A78-A950-773C9B2B7E2E}.Debug|x86.ActiveCfg = Debug|Any CPU
		{9FD472E4-6438-4A78-A950-773C9B2B7E2E}.Debug|x86.Build.0 = Debug|Any CPU
		{9FD472E4-6438-4A78-A950-773C9B2B7E2E}.Release|Any CPU.ActiveCfg = Release|Any CPU
		{9FD472E4-6438-4A78-A950-773C9B2B7E2E}.Release|Any CPU.Build.0 = Release|Any CPU
		{9FD472E4-6438-4A78-A950-773C9B2B7E2E}.Release|x64.ActiveCfg = Release|Any CPU
		{9FD472E4-6438-4A78-A950-773C9B2B7E2E}.Release|x64.Build.0 = Release|Any CPU
		{9FD472E4-6438-4A78-A950-773C9B2B7E2E}.Release|x86.ActiveCfg = Release|Any CPU
		{9FD472E4-6438-4A78-A950-773C9B2B7E2E}.Release|x86.Build.0 = Release|Any CPU
	EndGlobalSection
	GlobalSection(SolutionProperties) = preSolution
		HideSolutionNode = FALSE
	EndGlobalSection
	GlobalSection(NestedProjects) = preSolution
		{268F67FB-056D-4843-8823-19A5F7848271} = {02EA681E-C7D8-13C7-8484-4AC65E1B71E8}
		{EC846D1B-22B5-4CED-B0CB-778EBFEE1C33} = {003F7774-8202-4837-8C40-72297F3876C1}
		{3BAEA368-FBA4-475B-9896-FA6CB28564AB} = {8946894A-2327-421C-AB14-E49A19F6C4F6}
		{327EA364-D2CE-4960-8012-13CEEDE5CB85} = {12EA2A7A-D6E9-4B82-91ED-8588E3A8C25F}
		{E3A6E61F-24EF-4CBD-88EE-799B43EF2552} = {8946894A-2327-421C-AB14-E49A19F6C4F6}
		{35587641-8F7C-4D68-B370-D482305B25D5} = {12EA2A7A-D6E9-4B82-91ED-8588E3A8C25F}
		{4A755E00-3C1E-4FAF-9C6E-750DAD405922} = {12EA2A7A-D6E9-4B82-91ED-8588E3A8C25F}
		{913A94F3-C911-4B50-B2AF-DF1DAF6DBF88} = {8946894A-2327-421C-AB14-E49A19F6C4F6}
		{A29D374A-A168-4939-A211-76DAFF941B85} = {12EA2A7A-D6E9-4B82-91ED-8588E3A8C25F}
		{5ACFEC9F-E510-4984-AD2F-00D5EFE37FB7} = {003F7774-8202-4837-8C40-72297F3876C1}
		{9FD472E4-6438-4A78-A950-773C9B2B7E2E} = {02EA681E-C7D8-13C7-8484-4AC65E1B71E8}
	EndGlobalSection
	GlobalSection(ExtensibilityGlobals) = postSolution
		SolutionGuid = {9D4C1340-FBC4-4F35-944F-26237883E032}
	EndGlobalSection
EndGlobal
